// !$*UTF8*$!
{
	archiveVersion = 1;
	classes = {
	};
	objectVersion = 46;
	objects = {

/* Begin PBXBuildFile section */
		5DE6CADD1AC10F39006FD79E /* AppDelegate.swift in Sources */ = {isa = PBXBuildFile; fileRef = 5DE6CAC91AC10F39006FD79E /* AppDelegate.swift */; };
		5DE6CADF1AC10F39006FD79E /* BestScore.swift in Sources */ = {isa = PBXBuildFile; fileRef = 5DE6CACB1AC10F39006FD79E /* BestScore.swift */; };
		5DE6CAE21AC10F39006FD79E /* GameScene.sks in Resources */ = {isa = PBXBuildFile; fileRef = 5DE6CACE1AC10F39006FD79E /* GameScene.sks */; };
		5DE6CAE31AC10F39006FD79E /* GameScene.swift in Sources */ = {isa = PBXBuildFile; fileRef = 5DE6CACF1AC10F39006FD79E /* GameScene.swift */; };
		5DE6CAE41AC10F39006FD79E /* GameUtils.swift in Sources */ = {isa = PBXBuildFile; fileRef = 5DE6CAD01AC10F39006FD79E /* GameUtils.swift */; };
		5DE6CAE61AC10F39006FD79E /* GameViewController.swift in Sources */ = {isa = PBXBuildFile; fileRef = 5DE6CAD21AC10F39006FD79E /* GameViewController.swift */; };
		5DE6CAE71AC10F39006FD79E /* Images.xcassets in Resources */ = {isa = PBXBuildFile; fileRef = 5DE6CAD31AC10F39006FD79E /* Images.xcassets */; };
		5DE6CAE81AC10F39006FD79E /* Info.plist in Resources */ = {isa = PBXBuildFile; fileRef = 5DE6CAD41AC10F39006FD79E /* Info.plist */; };
		5DE6CAEA1AC10F39006FD79E /* MenuViewController.swift in Sources */ = {isa = PBXBuildFile; fileRef = 5DE6CAD61AC10F39006FD79E /* MenuViewController.swift */; };
		5DE6CAEB1AC10F39006FD79E /* ScoreManager.swift in Sources */ = {isa = PBXBuildFile; fileRef = 5DE6CAD71AC10F39006FD79E /* ScoreManager.swift */; };
		5DE77F8D1AC7D665002F24BA /* Main.storyboard in Resources */ = {isa = PBXBuildFile; fileRef = 5DE77F891AC7D665002F24BA /* Main.storyboard */; };
		5DE77F8E1AC7D665002F24BA /* MenuScene.sks in Resources */ = {isa = PBXBuildFile; fileRef = 5DE77F8A1AC7D665002F24BA /* MenuScene.sks */; };
		5DE77F8F1AC7D665002F24BA /* MenuScene.swift in Sources */ = {isa = PBXBuildFile; fileRef = 5DE77F8B1AC7D665002F24BA /* MenuScene.swift */; };
		5DE77F901AC7D665002F24BA /* Launch Screen.xib in Resources */ = {isa = PBXBuildFile; fileRef = 5DE77F8C1AC7D665002F24BA /* Launch Screen.xib */; };
		5DE77F921AC7D70A002F24BA /* GameSceneReverse.swift in Sources */ = {isa = PBXBuildFile; fileRef = 5DE77F911AC7D70A002F24BA /* GameSceneReverse.swift */; };
		5DE77F941AC8A0C4002F24BA /* TryAgainScene.swift in Sources */ = {isa = PBXBuildFile; fileRef = 5DE77F931AC8A0C4002F24BA /* TryAgainScene.swift */; };
/* End PBXBuildFile section */

/* Begin PBXFileReference section */
		5DE6CAC71AC10F36006FD79E /* Watch those Lines.app */ = {isa = PBXFileReference; explicitFileType = wrapper.application; includeInIndex = 0; path = "Watch those Lines.app"; sourceTree = BUILT_PRODUCTS_DIR; };
		5DE6CAC91AC10F39006FD79E /* AppDelegate.swift */ = {isa = PBXFileReference; fileEncoding = 4; lastKnownFileType = sourcecode.swift; name = AppDelegate.swift; path = "Watch those Lines/AppDelegate.swift"; sourceTree = "<group>"; };
		5DE6CACB1AC10F39006FD79E /* BestScore.swift */ = {isa = PBXFileReference; fileEncoding = 4; lastKnownFileType = sourcecode.swift; name = BestScore.swift; path = "Watch those Lines/BestScore.swift"; sourceTree = "<group>"; };
		5DE6CACE1AC10F39006FD79E /* GameScene.sks */ = {isa = PBXFileReference; lastKnownFileType = file.sks; name = GameScene.sks; path = "Watch those Lines/GameScene.sks"; sourceTree = "<group>"; };
		5DE6CACF1AC10F39006FD79E /* GameScene.swift */ = {isa = PBXFileReference; fileEncoding = 4; lastKnownFileType = sourcecode.swift; name = GameScene.swift; path = "Watch those Lines/GameScene.swift"; sourceTree = "<group>"; };
		5DE6CAD01AC10F39006FD79E /* GameUtils.swift */ = {isa = PBXFileReference; fileEncoding = 4; lastKnownFileType = sourcecode.swift; name = GameUtils.swift; path = "Watch those Lines/GameUtils.swift"; sourceTree = "<group>"; };
		5DE6CAD21AC10F39006FD79E /* GameViewController.swift */ = {isa = PBXFileReference; fileEncoding = 4; lastKnownFileType = sourcecode.swift; name = GameViewController.swift; path = "Watch those Lines/GameViewController.swift"; sourceTree = "<group>"; };
		5DE6CAD31AC10F39006FD79E /* Images.xcassets */ = {isa = PBXFileReference; lastKnownFileType = folder.assetcatalog; name = Images.xcassets; path = "Watch those Lines/Images.xcassets"; sourceTree = "<group>"; };
		5DE6CAD41AC10F39006FD79E /* Info.plist */ = {isa = PBXFileReference; fileEncoding = 4; lastKnownFileType = text.plist.xml; name = Info.plist; path = "Watch those Lines/Info.plist"; sourceTree = "<group>"; };
		5DE6CAD61AC10F39006FD79E /* MenuViewController.swift */ = {isa = PBXFileReference; fileEncoding = 4; lastKnownFileType = sourcecode.swift; name = MenuViewController.swift; path = "Watch those Lines/MenuViewController.swift"; sourceTree = "<group>"; };
		5DE6CAD71AC10F39006FD79E /* ScoreManager.swift */ = {isa = PBXFileReference; fileEncoding = 4; lastKnownFileType = sourcecode.swift; name = ScoreManager.swift; path = "Watch those Lines/ScoreManager.swift"; sourceTree = "<group>"; };
		5DE77F891AC7D665002F24BA /* Main.storyboard */ = {isa = PBXFileReference; fileEncoding = 4; lastKnownFileType = file.storyboard; name = Main.storyboard; path = "Watch those Lines/Main.storyboard"; sourceTree = "<group>"; };
		5DE77F8A1AC7D665002F24BA /* MenuScene.sks */ = {isa = PBXFileReference; lastKnownFileType = file.sks; name = MenuScene.sks; path = "Watch those Lines/MenuScene.sks"; sourceTree = "<group>"; };
		5DE77F8B1AC7D665002F24BA /* MenuScene.swift */ = {isa = PBXFileReference; fileEncoding = 4; lastKnownFileType = sourcecode.swift; name = MenuScene.swift; path = "Watch those Lines/MenuScene.swift"; sourceTree = "<group>"; };
		5DE77F8C1AC7D665002F24BA /* Launch Screen.xib */ = {isa = PBXFileReference; fileEncoding = 4; lastKnownFileType = file.xib; name = "Launch Screen.xib"; path = "Watch those Lines/Launch Screen.xib"; sourceTree = "<group>"; };
		5DE77F911AC7D70A002F24BA /* GameSceneReverse.swift */ = {isa = PBXFileReference; fileEncoding = 4; lastKnownFileType = sourcecode.swift; name = GameSceneReverse.swift; path = "Watch those Lines/GameSceneReverse.swift"; sourceTree = "<group>"; };
		5DE77F931AC8A0C4002F24BA /* TryAgainScene.swift */ = {isa = PBXFileReference; fileEncoding = 4; lastKnownFileType = sourcecode.swift; name = TryAgainScene.swift; path = "Watch those Lines/TryAgainScene.swift"; sourceTree = "<group>"; };
/* End PBXFileReference section */

/* Begin PBXFrameworksBuildPhase section */
		5D4CB95F1A9D28F20074D57B /* Frameworks */ = {
			isa = PBXFrameworksBuildPhase;
			buildActionMask = 2147483647;
			files = (
			);
			runOnlyForDeploymentPostprocessing = 0;
		};
/* End PBXFrameworksBuildPhase section */

/* Begin PBXGroup section */
		5D4CB9591A9D28F20074D57B = {
			isa = PBXGroup;
			children = (
				5DE77F7D1AC7BB65002F24BA /* Score */,
				5DE6CAC91AC10F39006FD79E /* AppDelegate.swift */,
				5DE6CACE1AC10F39006FD79E /* GameScene.sks */,
				5DE77F891AC7D665002F24BA /* Main.storyboard */,
				5DE77F8A1AC7D665002F24BA /* MenuScene.sks */,
				5DE77F8B1AC7D665002F24BA /* MenuScene.swift */,
				5DE77F931AC8A0C4002F24BA /* TryAgainScene.swift */,
				5DE77F8C1AC7D665002F24BA /* Launch Screen.xib */,
				5DE77F911AC7D70A002F24BA /* GameSceneReverse.swift */,
				5DE6CACF1AC10F39006FD79E /* GameScene.swift */,
				5DE6CAD01AC10F39006FD79E /* GameUtils.swift */,
				5DE77F801AC7BF83002F24BA /* View Controllers */,
				5DE6CAD31AC10F39006FD79E /* Images.xcassets */,
				5DE77F7F1AC7BF5D002F24BA /* Supporting Files */,
				5DE77F7E1AC7BF50002F24BA /* Products */,
			);
			sourceTree = "<group>";
		};
		5DE77F7D1AC7BB65002F24BA /* Score */ = {
			isa = PBXGroup;
			children = (
				5DE6CACB1AC10F39006FD79E /* BestScore.swift */,
				5DE6CAD71AC10F39006FD79E /* ScoreManager.swift */,
			);
			name = Score;
			sourceTree = "<group>";
		};
		5DE77F7E1AC7BF50002F24BA /* Products */ = {
			isa = PBXGroup;
			children = (
				5DE6CAC71AC10F36006FD79E /* Watch those Lines.app */,
			);
			name = Products;
			sourceTree = "<group>";
		};
		5DE77F7F1AC7BF5D002F24BA /* Supporting Files */ = {
			isa = PBXGroup;
			children = (
				5DE6CAD41AC10F39006FD79E /* Info.plist */,
			);
			name = "Supporting Files";
			sourceTree = "<group>";
		};
		5DE77F801AC7BF83002F24BA /* View Controllers */ = {
			isa = PBXGroup;
			children = (
				5DE6CAD21AC10F39006FD79E /* GameViewController.swift */,
				5DE6CAD61AC10F39006FD79E /* MenuViewController.swift */,
			);
			name = "View Controllers";
			sourceTree = "<group>";
		};
/* End PBXGroup section */

/* Begin PBXNativeTarget section */
		5D4CB9611A9D28F20074D57B /* Watch those Lines */ = {
			isa = PBXNativeTarget;
			buildConfigurationList = 5D4CB9851A9D28F20074D57B /* Build configuration list for PBXNativeTarget "Watch those Lines" */;
			buildPhases = (
				5D4CB95E1A9D28F20074D57B /* Sources */,
				5D4CB95F1A9D28F20074D57B /* Frameworks */,
				5D4CB9601A9D28F20074D57B /* Resources */,
			);
			buildRules = (
			);
			dependencies = (
			);
			name = "Watch those Lines";
			productName = Rain;
			productReference = 5DE6CAC71AC10F36006FD79E /* Watch those Lines.app */;
			productType = "com.apple.product-type.application";
		};
/* End PBXNativeTarget section */

/* Begin PBXProject section */
		5D4CB95A1A9D28F20074D57B /* Project object */ = {
			isa = PBXProject;
			attributes = {
				LastUpgradeCheck = 0620;
				ORGANIZATIONNAME = RaghuKV;
				TargetAttributes = {
					5D4CB9611A9D28F20074D57B = {
						CreatedOnToolsVersion = 6.1.1;
						DevelopmentTeam = N4XTGN5B65;
					};
				};
			};
			buildConfigurationList = 5D4CB95D1A9D28F20074D57B /* Build configuration list for PBXProject "Watch those Lines" */;
			compatibilityVersion = "Xcode 3.2";
			developmentRegion = English;
			hasScannedForEncodings = 0;
			knownRegions = (
				en,
				Base,
			);
			mainGroup = 5D4CB9591A9D28F20074D57B;
			productRefGroup = 5D4CB9591A9D28F20074D57B;
			projectDirPath = "";
			projectRoot = "";
			targets = (
				5D4CB9611A9D28F20074D57B /* Watch those Lines */,
			);
		};
/* End PBXProject section */

/* Begin PBXResourcesBuildPhase section */
		5D4CB9601A9D28F20074D57B /* Resources */ = {
			isa = PBXResourcesBuildPhase;
			buildActionMask = 2147483647;
			files = (
				5DE6CAE71AC10F39006FD79E /* Images.xcassets in Resources */,
				5DE6CAE21AC10F39006FD79E /* GameScene.sks in Resources */,
				5DE6CAE81AC10F39006FD79E /* Info.plist in Resources */,
				5DE77F8E1AC7D665002F24BA /* MenuScene.sks in Resources */,
				5DE77F8D1AC7D665002F24BA /* Main.storyboard in Resources */,
				5DE77F901AC7D665002F24BA /* Launch Screen.xib in Resources */,
			);
			runOnlyForDeploymentPostprocessing = 0;
		};
/* End PBXResourcesBuildPhase section */

/* Begin PBXSourcesBuildPhase section */
		5D4CB95E1A9D28F20074D57B /* Sources */ = {
			isa = PBXSourcesBuildPhase;
			buildActionMask = 2147483647;
			files = (
				5DE6CAE31AC10F39006FD79E /* GameScene.swift in Sources */,
				5DE77F941AC8A0C4002F24BA /* TryAgainScene.swift in Sources */,
				5DE6CAE41AC10F39006FD79E /* GameUtils.swift in Sources */,
				5DE6CAEB1AC10F39006FD79E /* ScoreManager.swift in Sources */,
				5DE77F921AC7D70A002F24BA /* GameSceneReverse.swift in Sources */,
				5DE6CADF1AC10F39006FD79E /* BestScore.swift in Sources */,
				5DE6CAEA1AC10F39006FD79E /* MenuViewController.swift in Sources */,
				5DE77F8F1AC7D665002F24BA /* MenuScene.swift in Sources */,
				5DE6CAE61AC10F39006FD79E /* GameViewController.swift in Sources */,
				5DE6CADD1AC10F39006FD79E /* AppDelegate.swift in Sources */,
			);
			runOnlyForDeploymentPostprocessing = 0;
		};
/* End PBXSourcesBuildPhase section */

/* Begin XCBuildConfiguration section */
		5D4CB9831A9D28F20074D57B /* Debug */ = {
			isa = XCBuildConfiguration;
			buildSettings = {
				ALWAYS_SEARCH_USER_PATHS = NO;
				CLANG_CXX_LANGUAGE_STANDARD = "gnu++0x";
				CLANG_CXX_LIBRARY = "libc++";
				CLANG_ENABLE_MODULES = YES;
				CLANG_ENABLE_OBJC_ARC = YES;
				CLANG_WARN_BOOL_CONVERSION = YES;
				CLANG_WARN_CONSTANT_CONVERSION = YES;
				CLANG_WARN_DIRECT_OBJC_ISA_USAGE = YES_ERROR;
				CLANG_WARN_EMPTY_BODY = YES;
				CLANG_WARN_ENUM_CONVERSION = YES;
				CLANG_WARN_INT_CONVERSION = YES;
				CLANG_WARN_OBJC_ROOT_CLASS = YES_ERROR;
				CLANG_WARN_UNREACHABLE_CODE = YES;
				CLANG_WARN__DUPLICATE_METHOD_MATCH = YES;
				CODE_SIGN_IDENTITY = "iPhone Distribution: Raghu kalyan Vuppuluri (N4XTGN5B65)";
				"CODE_SIGN_IDENTITY[sdk=iphoneos*]" = "iPhone Distribution: Raghu kalyan Vuppuluri (N4XTGN5B65)";
				COPY_PHASE_STRIP = NO;
				ENABLE_STRICT_OBJC_MSGSEND = YES;
				GCC_C_LANGUAGE_STANDARD = gnu99;
				GCC_DYNAMIC_NO_PIC = NO;
				GCC_OPTIMIZATION_LEVEL = 0;
				GCC_PREPROCESSOR_DEFINITIONS = (
					"DEBUG=1",
					"$(inherited)",
				);
				GCC_SYMBOLS_PRIVATE_EXTERN = NO;
				GCC_WARN_64_TO_32_BIT_CONVERSION = YES;
				GCC_WARN_ABOUT_RETURN_TYPE = YES_ERROR;
				GCC_WARN_UNDECLARED_SELECTOR = YES;
				GCC_WARN_UNINITIALIZED_AUTOS = YES_AGGRESSIVE;
				GCC_WARN_UNUSED_FUNCTION = YES;
				GCC_WARN_UNUSED_VARIABLE = YES;
				IPHONEOS_DEPLOYMENT_TARGET = 8.0;
				MTL_ENABLE_DEBUG_INFO = YES;
				ONLY_ACTIVE_ARCH = YES;
				SDKROOT = iphoneos;
				SWIFT_OPTIMIZATION_LEVEL = "-Onone";
				TARGETED_DEVICE_FAMILY = "1,2";
			};
			name = Debug;
		};
		5D4CB9841A9D28F20074D57B /* Release */ = {
			isa = XCBuildConfiguration;
			buildSettings = {
				ALWAYS_SEARCH_USER_PATHS = NO;
				CLANG_CXX_LANGUAGE_STANDARD = "gnu++0x";
				CLANG_CXX_LIBRARY = "libc++";
				CLANG_ENABLE_MODULES = YES;
				CLANG_ENABLE_OBJC_ARC = YES;
				CLANG_WARN_BOOL_CONVERSION = YES;
				CLANG_WARN_CONSTANT_CONVERSION = YES;
				CLANG_WARN_DIRECT_OBJC_ISA_USAGE = YES_ERROR;
				CLANG_WARN_EMPTY_BODY = YES;
				CLANG_WARN_ENUM_CONVERSION = YES;
				CLANG_WARN_INT_CONVERSION = YES;
				CLANG_WARN_OBJC_ROOT_CLASS = YES_ERROR;
				CLANG_WARN_UNREACHABLE_CODE = YES;
				CLANG_WARN__DUPLICATE_METHOD_MATCH = YES;
				CODE_SIGN_IDENTITY = "iPhone Distribution: Raghu kalyan Vuppuluri (N4XTGN5B65)";
				"CODE_SIGN_IDENTITY[sdk=iphoneos*]" = "iPhone Distribution: Raghu kalyan Vuppuluri (N4XTGN5B65)";
				COPY_PHASE_STRIP = YES;
				ENABLE_NS_ASSERTIONS = NO;
				ENABLE_STRICT_OBJC_MSGSEND = YES;
				GCC_C_LANGUAGE_STANDARD = gnu99;
				GCC_WARN_64_TO_32_BIT_CONVERSION = YES;
				GCC_WARN_ABOUT_RETURN_TYPE = YES_ERROR;
				GCC_WARN_UNDECLARED_SELECTOR = YES;
				GCC_WARN_UNINITIALIZED_AUTOS = YES_AGGRESSIVE;
				GCC_WARN_UNUSED_FUNCTION = YES;
				GCC_WARN_UNUSED_VARIABLE = YES;
				IPHONEOS_DEPLOYMENT_TARGET = 8.0;
				MTL_ENABLE_DEBUG_INFO = NO;
				ONLY_ACTIVE_ARCH = NO;
				SDKROOT = iphoneos;
				TARGETED_DEVICE_FAMILY = "1,2";
				VALIDATE_PRODUCT = YES;
			};
			name = Release;
		};
		5D4CB9861A9D28F20074D57B /* Debug */ = {
			isa = XCBuildConfiguration;
			buildSettings = {
				ASSETCATALOG_COMPILER_APPICON_NAME = AppIcon;
				CLANG_ENABLE_MODULES = YES;
				CODE_SIGN_IDENTITY = "iPhone Developer";
				"CODE_SIGN_IDENTITY[sdk=iphoneos*]" = "iPhone Developer";
				INFOPLIST_FILE = "$(SRCROOT)/Watch those Lines/Info.plist";
				IPHONEOS_DEPLOYMENT_TARGET = 8.0;
				LD_RUNPATH_SEARCH_PATHS = "$(inherited) @executable_path/Frameworks";
				PRODUCT_NAME = "Watch those Lines";
				PROVISIONING_PROFILE = "";
				SWIFT_OBJC_BRIDGING_HEADER = "";
				SWIFT_OPTIMIZATION_LEVEL = "-Onone";
				TARGETED_DEVICE_FAMILY = 1;
			};
			name = Debug;
		};
		5D4CB9871A9D28F20074D57B /* Release */ = {
			isa = XCBuildConfiguration;
			buildSettings = {
				"ADDITIONAL_SDKS[arch=*]" = "";
				ASSETCATALOG_COMPILER_APPICON_NAME = AppIcon;
				CLANG_ENABLE_MODULES = YES;
				CODE_SIGN_IDENTITY = "iPhone Developer";
				"CODE_SIGN_IDENTITY[sdk=iphoneos*]" = "iPhone Developer";
				INFOPLIST_FILE = "$(SRCROOT)/Watch those Lines/Info.plist";
				IPHONEOS_DEPLOYMENT_TARGET = 8.0;
				LD_RUNPATH_SEARCH_PATHS = "$(inherited) @executable_path/Frameworks";
				PRODUCT_NAME = "Watch those Lines";
				PROVISIONING_PROFILE = "";
				SWIFT_OBJC_BRIDGING_HEADER = "";
				TARGETED_DEVICE_FAMILY = 1;
			};
			name = Release;
		};
/* End XCBuildConfiguration section */

/* Begin XCConfigurationList section */
		5D4CB95D1A9D28F20074D57B /* Build configuration list for PBXProject "Watch those Lines" */ = {
			isa = XCConfigurationList;
			buildConfigurations = (
				5D4CB9831A9D28F20074D57B /* Debug */,
				5D4CB9841A9D28F20074D57B /* Release */,
			);
			defaultConfigurationIsVisible = 0;
			defaultConfigurationName = Release;
		};
		5D4CB9851A9D28F20074D57B /* Build configuration list for PBXNativeTarget "Watch those Lines" */ = {
			isa = XCConfigurationList;
			buildConfigurations = (
				5D4CB9861A9D28F20074D57B /* Debug */,
				5D4CB9871A9D28F20074D57B /* Release */,
			);
			defaultConfigurationIsVisible = 0;
			defaultConfigurationName = Release;
		};
/* End XCConfigurationList section */
	};
	rootObject = 5D4CB95A1A9D28F20074D57B /* Project object */;
}
